<?xml version="1.0" encoding="UTF-8" standalone="yes" ?>
<CodeBlocks_project_file>
	<FileVersion major="1" minor="6" />
	<Project>
		<Option title="TP_ALGORIMOS_2025_2C_SEGA" />
		<Option pch_mode="2" />
		<Option compiler="gcc" />
		<Build>
			<Target title="Debug">
				<Option output="bin/Debug/TP_ALGORIMOS_2025_2C_SEGA" prefix_auto="1" extension_auto="1" />
				<Option object_output="obj/Debug/" />
				<Option type="1" />
				<Option compiler="gcc" />
				<Compiler>
					<Add option="-g" />
				</Compiler>
			</Target>
			<Target title="Release">
				<Option output="bin/Release/TP_ALGORIMOS_2025_2C_SEGA" prefix_auto="1" extension_auto="1" />
				<Option object_output="obj/Release/" />
				<Option type="1" />
				<Option compiler="gcc" />
				<Compiler>
					<Add option="-O2" />
				</Compiler>
				<Linker>
					<Add option="-s" />
				</Linker>
			</Target>
		</Build>
		<Compiler>
			<Add option="-Wall" />
			<Add directory="SDL2/include" />
			<Add directory="SDL2/include/SDL2" />
			<Add directory="SDL2_image/include" />
		</Compiler>
		<Linker>
			<Add library="SDL2_image" />
			<Add library="SDL2" />
			<Add library="SDL2main" />
			<Add directory="SDL2/lib" />
			<Add directory="SDL2_image/lib" />
		</Linker>
		<Unit filename="headers/bool.h" />
		<Unit filename="headers/config.h" />
		<Unit filename="headers/game.h" />
		<Unit filename="headers/ghost.h" />
		<Unit filename="headers/matrix.h" />
		<Unit filename="headers/maze.h" />
		<Unit filename="headers/player.h" />
		<Unit filename="headers/textureManager.h" />
		<Unit filename="headers/tlista.h" />
		<Unit filename="headers/vector.h" />
		<Unit filename="includes/config.c">
			<Option compilerVar="CC" />
		</Unit>
		<Unit filename="includes/game.c">
			<Option compilerVar="CC" />
		</Unit>
		<Unit filename="includes/ghost.c">
			<Option compilerVar="CC" />
		</Unit>
		<Unit filename="includes/main.c">
			<Option compilerVar="CC" />
		</Unit>
		<Unit filename="includes/matrix.c">
			<Option compilerVar="CC" />
		</Unit>
		<Unit filename="includes/maze.c">
			<Option compilerVar="CC" />
		</Unit>
		<Unit filename="includes/player.c">
			<Option compilerVar="CC" />
		</Unit>
		<Unit filename="includes/textureManager.c">
			<Option compilerVar="CC" />
		</Unit>
		<Unit filename="includes/tlista.c">
			<Option compilerVar="CC" />
		</Unit>
		<Unit filename="includes/vector.c">
			<Option compilerVar="CC" />
		</Unit>
		<Extensions />
	</Project>
</CodeBlocks_project_file>
